# This file is automatically @generated by Cargo.
# It is not intended for manual editing.
version = 3

[[package]]
name = "unicode-script"
version = "0.5.4"
source = "registry+https://github.com/rust-lang/crates.io-index"
checksum = "58dd944fd05f2f0b5c674917aea8a4df6af84f2d8de3fe8d988b95d28fb8fb09"

[[package]]
name = "usc"
version = "0.1.0"
dependencies = [
 "unicode-script",
]
